<?xml version="1.0" encoding="utf-8"?>
<Project ToolsVersion="4.0" xmlns="http://schemas.microsoft.com/developer/msbuild/2003">
  <ItemGroup>
    <Filter Include="Source Files">
      <UniqueIdentifier>{4FC737F1-C7A5-4376-A066-2A32D752A2FF}</UniqueIdentifier>
      <Extensions>cpp;c;cc;cxx;c++;cppm;ixx;def;odl;idl;hpj;bat;asm;asmx</Extensions>
    </Filter>
  </ItemGroup>
  <ItemGroup>
    <ClCompile Include="Main.cpp">
      <Filter>Source Files</Filter>
    </ClCompile>
    <ClCompile Include="Player.cpp">
      <Filter>Source Files</Filter>
    </ClCompile>
    <ClCompile Include="Enemy.cpp">
      <Filter>Source Files</Filter>
    </ClCompile>
    <ClCompile Include="Squisher.cpp">
      <Filter>Source Files</Filter>
    </ClCompile>
    <ClCompile Include="Lazer.cpp">
      <Filter>Source Files</Filter>
    </ClCompile>
    <ClCompile Include="GameTrack.cpp">
      <Filter>Source Files</Filter>
    </ClCompile>
    <ClCompile Include="Spawner.cpp">
      <Filter>Source Files</Filter>
    </ClCompile>
    <ClCompile Include="Beetle.cpp">
      <Filter>Source Files</Filter>
    </ClCompile>
    <ClCompile Include="BigBeetle.cpp">
      <Filter>Source Files</Filter>
    </ClCompile>
    <ClCompile Include="Slug.cpp">
      <Filter>Source Files</Filter>
    </ClCompile>
    <ClCompile Include="Destroyer.cpp">
      <Filter>Source Files</Filter>
    </ClCompile>
    <ClCompile Include="Missile.cpp">
      <Filter>Source Files</Filter>
    </ClCompile>
  </ItemGroup>
  <ItemGroup>
    <ClInclude Include="Player.h">
      <Filter>Source Files</Filter>
    </ClInclude>
    <ClInclude Include="Enemy.h">
      <Filter>Source Files</Filter>
    </ClInclude>
    <ClInclude Include="Squisher.h">
      <Filter>Source Files</Filter>
    </ClInclude>
    <ClInclude Include="Lazer.h">
      <Filter>Source Files</Filter>
    </ClInclude>
    <ClInclude Include="GameTrack.h">
      <Filter>Source Files</Filter>
    </ClInclude>
    <ClInclude Include="Spawner.h">
      <Filter>Source Files</Filter>
    </ClInclude>
    <ClInclude Include="Slug.h">
      <Filter>Source Files</Filter>
    </ClInclude>
    <ClInclude Include="Beetle.h">
      <Filter>Source Files</Filter>
    </ClInclude>
    <ClInclude Include="BigBeetle.h">
      <Filter>Source Files</Filter>
    </ClInclude>
    <ClInclude Include="Destroyer.h">
      <Filter>Source Files</Filter>
    </ClInclude>
    <ClInclude Include="Missile.h">
      <Filter>Source Files</Filter>
    </ClInclude>
  </ItemGroup>
</Project>